
Microsoft Visual Studio Solution File, Format Version 12.00
# Visual Studio Version 16
VisualStudioVersion = 16.0.30204.135
MinimumVisualStudioVersion = 10.0.40219.1
Project("{FAE04EC0-301F-11D3-BF4B-00C04F79EFBC}") = "AzurePractiseExample", "AzurePractiseExample\AzurePractiseExample.csproj", "{307E9CE1-93D9-4BB1-91BD-1596D9C52135}"
EndProject
Global
	GlobalSection(SolutionConfigurationPlatforms) = preSolution
		Debug|Any CPU = Debug|Any CPU
		Release|Any CPU = Release|Any CPU
	EndGlobalSection
	GlobalSection(ProjectConfigurationPlatforms) = postSolution
		{307E9CE1-93D9-4BB1-91BD-1596D9C52135}.Debug|Any CPU.ActiveCfg = Debug|Any CPU
		{307E9CE1-93D9-4BB1-91BD-1596D9C52135}.Debug|Any CPU.Build.0 = Debug|Any CPU
		{307E9CE1-93D9-4BB1-91BD-1596D9C52135}.Release|Any CPU.ActiveCfg = Release|Any CPU
		{307E9CE1-93D9-4BB1-91BD-1596D9C52135}.Release|Any CPU.Build.0 = Release|Any CPU
	EndGlobalSection
	GlobalSection(SolutionProperties) = preSolution
		HideSolutionNode = FALSE
	EndGlobalSection
	GlobalSection(ExtensibilityGlobals) = postSolution
		SolutionGuid = {E5BDC1F4-1FB5-47BE-A5A9-24E02EB948A4}
	EndGlobalSection
EndGlobal
